{"is_source_file": false, "format": "", "description": "", "external_files": [], "external_methods": [], "published": [], "classes": [], "methods": [], "calls": [], "search-terms": [], "state": 2, "file_id": 20, "knowledge_revision": 54, "git_revision": "bb5faab39f0ea57a1cc1c6d4c1a8bf1b9ba89e78", "filename": "/home/kavia/workspace/code-generation/easycalc-3826-3832/main_container_for_easycalc/post_process_status.lock", "hash": "e9b4c3b42cef0193b7fddb548d37e652", "format-version": 4, "code-base-name": "default", "revision_history": [{"54": "bb5faab39f0ea57a1cc1c6d4c1a8bf1b9ba89e78"}]}